// !$*UTF8*$!
{
	archiveVersion = 1;
	classes = {
	};
	objectVersion = 56;
	objects = {

/* Begin PBXBuildFile section */
		0DFE6A192C4FAAF7005C8803 /* UberApp.swift in Sources */ = {isa = PBXBuildFile; fileRef = 0DFE6A182C4FAAF7005C8803 /* UberApp.swift */; };
		0DFE6A1D2C4FAAF9005C8803 /* Assets.xcassets in Resources */ = {isa = PBXBuildFile; fileRef = 0DFE6A1C2C4FAAF9005C8803 /* Assets.xcassets */; };
		0DFE6A202C4FAAF9005C8803 /* Preview Assets.xcassets in Resources */ = {isa = PBXBuildFile; fileRef = 0DFE6A1F2C4FAAF9005C8803 /* Preview Assets.xcassets */; };
		0DFE6A302C4FAE7B005C8803 /* HomeView.swift in Sources */ = {isa = PBXBuildFile; fileRef = 0DFE6A2F2C4FAE7B005C8803 /* HomeView.swift */; };
		0DFE6A322C4FAEA5005C8803 /* UberMapViewRepresentable.swift in Sources */ = {isa = PBXBuildFile; fileRef = 0DFE6A312C4FAEA5005C8803 /* UberMapViewRepresentable.swift */; };
		0DFE6A342C4FB3D8005C8803 /* LocationManager.swift in Sources */ = {isa = PBXBuildFile; fileRef = 0DFE6A332C4FB3D8005C8803 /* LocationManager.swift */; };
		0DFE6A382C4FC1FD005C8803 /* LocationSearchActivationView.swift in Sources */ = {isa = PBXBuildFile; fileRef = 0DFE6A372C4FC1FD005C8803 /* LocationSearchActivationView.swift */; };
		0DFE6A3A2C4FC46A005C8803 /* MapViewActionButton.swift in Sources */ = {isa = PBXBuildFile; fileRef = 0DFE6A392C4FC46A005C8803 /* MapViewActionButton.swift */; };
		0DFE6A3E2C4FC6FC005C8803 /* LocationSearchView.swift in Sources */ = {isa = PBXBuildFile; fileRef = 0DFE6A3D2C4FC6FC005C8803 /* LocationSearchView.swift */; };
		0DFE6A402C4FCE0E005C8803 /* LocationSearchResultCell.swift in Sources */ = {isa = PBXBuildFile; fileRef = 0DFE6A3F2C4FCE0E005C8803 /* LocationSearchResultCell.swift */; };
/* End PBXBuildFile section */

/* Begin PBXFileReference section */
		0DFE6A152C4FAAF7005C8803 /* Uber.app */ = {isa = PBXFileReference; explicitFileType = wrapper.application; includeInIndex = 0; path = Uber.app; sourceTree = BUILT_PRODUCTS_DIR; };
		0DFE6A182C4FAAF7005C8803 /* UberApp.swift */ = {isa = PBXFileReference; lastKnownFileType = sourcecode.swift; path = UberApp.swift; sourceTree = "<group>"; };
		0DFE6A1C2C4FAAF9005C8803 /* Assets.xcassets */ = {isa = PBXFileReference; lastKnownFileType = folder.assetcatalog; path = Assets.xcassets; sourceTree = "<group>"; };
		0DFE6A1F2C4FAAF9005C8803 /* Preview Assets.xcassets */ = {isa = PBXFileReference; lastKnownFileType = folder.assetcatalog; path = "Preview Assets.xcassets"; sourceTree = "<group>"; };
		0DFE6A2F2C4FAE7B005C8803 /* HomeView.swift */ = {isa = PBXFileReference; lastKnownFileType = sourcecode.swift; path = HomeView.swift; sourceTree = "<group>"; };
		0DFE6A312C4FAEA5005C8803 /* UberMapViewRepresentable.swift */ = {isa = PBXFileReference; lastKnownFileType = sourcecode.swift; path = UberMapViewRepresentable.swift; sourceTree = "<group>"; };
		0DFE6A332C4FB3D8005C8803 /* LocationManager.swift */ = {isa = PBXFileReference; lastKnownFileType = sourcecode.swift; path = LocationManager.swift; sourceTree = "<group>"; };
		0DFE6A372C4FC1FD005C8803 /* LocationSearchActivationView.swift */ = {isa = PBXFileReference; lastKnownFileType = sourcecode.swift; path = LocationSearchActivationView.swift; sourceTree = "<group>"; };
		0DFE6A392C4FC46A005C8803 /* MapViewActionButton.swift */ = {isa = PBXFileReference; lastKnownFileType = sourcecode.swift; path = MapViewActionButton.swift; sourceTree = "<group>"; };
		0DFE6A3D2C4FC6FC005C8803 /* LocationSearchView.swift */ = {isa = PBXFileReference; lastKnownFileType = sourcecode.swift; path = LocationSearchView.swift; sourceTree = "<group>"; };
		0DFE6A3F2C4FCE0E005C8803 /* LocationSearchResultCell.swift */ = {isa = PBXFileReference; lastKnownFileType = sourcecode.swift; path = LocationSearchResultCell.swift; sourceTree = "<group>"; };
/* End PBXFileReference section */

/* Begin PBXFrameworksBuildPhase section */
		0DFE6A122C4FAAF7005C8803 /* Frameworks */ = {
			isa = PBXFrameworksBuildPhase;
			buildActionMask = 2147483647;
			files = (
			);
			runOnlyForDeploymentPostprocessing = 0;
		};
/* End PBXFrameworksBuildPhase section */

/* Begin PBXGroup section */
		0DFE6A0C2C4FAAF7005C8803 = {
			isa = PBXGroup;
			children = (
				0DFE6A172C4FAAF7005C8803 /* Uber */,
				0DFE6A162C4FAAF7005C8803 /* Products */,
			);
			sourceTree = "<group>";
		};
		0DFE6A162C4FAAF7005C8803 /* Products */ = {
			isa = PBXGroup;
			children = (
				0DFE6A152C4FAAF7005C8803 /* Uber.app */,
			);
			name = Products;
			sourceTree = "<group>";
		};
		0DFE6A172C4FAAF7005C8803 /* Uber */ = {
			isa = PBXGroup;
			children = (
				0DFE6A2C2C4FADBF005C8803 /* App */,
				0DFE6A2B2C4FAD6E005C8803 /* Core */,
				0DFE6A2A2C4FAD28005C8803 /* Extensions */,
				0DFE6A292C4FAD26005C8803 /* Managers */,
				0DFE6A262C4FAD18005C8803 /* Models */,
				0DFE6A1C2C4FAAF9005C8803 /* Assets.xcassets */,
				0DFE6A1E2C4FAAF9005C8803 /* Preview Content */,
			);
			path = Uber;
			sourceTree = "<group>";
		};
		0DFE6A1E2C4FAAF9005C8803 /* Preview Content */ = {
			isa = PBXGroup;
			children = (
				0DFE6A1F2C4FAAF9005C8803 /* Preview Assets.xcassets */,
			);
			path = "Preview Content";
			sourceTree = "<group>";
		};
		0DFE6A262C4FAD18005C8803 /* Models */ = {
			isa = PBXGroup;
			children = (
			);
			path = Models;
			sourceTree = "<group>";
		};
		0DFE6A292C4FAD26005C8803 /* Managers */ = {
			isa = PBXGroup;
			children = (
				0DFE6A332C4FB3D8005C8803 /* LocationManager.swift */,
			);
			path = Managers;
			sourceTree = "<group>";
		};
		0DFE6A2A2C4FAD28005C8803 /* Extensions */ = {
			isa = PBXGroup;
			children = (
			);
			path = Extensions;
			sourceTree = "<group>";
		};
		0DFE6A2B2C4FAD6E005C8803 /* Core */ = {
			isa = PBXGroup;
			children = (
				0DFE6A362C4FC1A6005C8803 /* LocationSearch */,
				0DFE6A352C4FC193005C8803 /* Home */,
			);
			path = Core;
			sourceTree = "<group>";
		};
		0DFE6A2C2C4FADBF005C8803 /* App */ = {
			isa = PBXGroup;
			children = (
				0DFE6A182C4FAAF7005C8803 /* UberApp.swift */,
			);
			path = App;
			sourceTree = "<group>";
		};
		0DFE6A2D2C4FAE3C005C8803 /* Views */ = {
			isa = PBXGroup;
			children = (
				0DFE6A2F2C4FAE7B005C8803 /* HomeView.swift */,
				0DFE6A312C4FAEA5005C8803 /* UberMapViewRepresentable.swift */,
				0DFE6A392C4FC46A005C8803 /* MapViewActionButton.swift */,
			);
			path = Views;
			sourceTree = "<group>";
		};
		0DFE6A2E2C4FAE4F005C8803 /* ViewModel */ = {
			isa = PBXGroup;
			children = (
			);
			path = ViewModel;
			sourceTree = "<group>";
		};
		0DFE6A352C4FC193005C8803 /* Home */ = {
			isa = PBXGroup;
			children = (
				0DFE6A2D2C4FAE3C005C8803 /* Views */,
				0DFE6A2E2C4FAE4F005C8803 /* ViewModel */,
			);
			path = Home;
			sourceTree = "<group>";
		};
		0DFE6A362C4FC1A6005C8803 /* LocationSearch */ = {
			isa = PBXGroup;
			children = (
				0DFE6A3C2C4FC6D0005C8803 /* Views */,
				0DFE6A3B2C4FC6C4005C8803 /* ViewModel */,
			);
			path = LocationSearch;
			sourceTree = "<group>";
		};
		0DFE6A3B2C4FC6C4005C8803 /* ViewModel */ = {
			isa = PBXGroup;
			children = (
			);
			path = ViewModel;
			sourceTree = "<group>";
		};
		0DFE6A3C2C4FC6D0005C8803 /* Views */ = {
			isa = PBXGroup;
			children = (
				0DFE6A372C4FC1FD005C8803 /* LocationSearchActivationView.swift */,
				0DFE6A3D2C4FC6FC005C8803 /* LocationSearchView.swift */,
				0DFE6A3F2C4FCE0E005C8803 /* LocationSearchResultCell.swift */,
			);
			path = Views;
			sourceTree = "<group>";
		};
/* End PBXGroup section */

/* Begin PBXNativeTarget section */
		0DFE6A142C4FAAF7005C8803 /* Uber */ = {
			isa = PBXNativeTarget;
			buildConfigurationList = 0DFE6A232C4FAAF9005C8803 /* Build configuration list for PBXNativeTarget "Uber" */;
			buildPhases = (
				0DFE6A112C4FAAF7005C8803 /* Sources */,
				0DFE6A122C4FAAF7005C8803 /* Frameworks */,
				0DFE6A132C4FAAF7005C8803 /* Resources */,
			);
			buildRules = (
			);
			dependencies = (
			);
			name = Uber;
			productName = Uber;
			productReference = 0DFE6A152C4FAAF7005C8803 /* Uber.app */;
			productType = "com.apple.product-type.application";
		};
/* End PBXNativeTarget section */

/* Begin PBXProject section */
		0DFE6A0D2C4FAAF7005C8803 /* Project object */ = {
			isa = PBXProject;
			attributes = {
				BuildIndependentTargetsInParallel = 1;
				LastSwiftUpdateCheck = 1540;
				LastUpgradeCheck = 1540;
				TargetAttributes = {
					0DFE6A142C4FAAF7005C8803 = {
						CreatedOnToolsVersion = 15.4;
					};
				};
			};
			buildConfigurationList = 0DFE6A102C4FAAF7005C8803 /* Build configuration list for PBXProject "Uber" */;
			compatibilityVersion = "Xcode 14.0";
			developmentRegion = en;
			hasScannedForEncodings = 0;
			knownRegions = (
				en,
				Base,
			);
			mainGroup = 0DFE6A0C2C4FAAF7005C8803;
			productRefGroup = 0DFE6A162C4FAAF7005C8803 /* Products */;
			projectDirPath = "";
			projectRoot = "";
			targets = (
				0DFE6A142C4FAAF7005C8803 /* Uber */,
			);
		};
/* End PBXProject section */

/* Begin PBXResourcesBuildPhase section */
		0DFE6A132C4FAAF7005C8803 /* Resources */ = {
			isa = PBXResourcesBuildPhase;
			buildActionMask = 2147483647;
			files = (
				0DFE6A202C4FAAF9005C8803 /* Preview Assets.xcassets in Resources */,
				0DFE6A1D2C4FAAF9005C8803 /* Assets.xcassets in Resources */,
			);
			runOnlyForDeploymentPostprocessing = 0;
		};
/* End PBXResourcesBuildPhase section */

/* Begin PBXSourcesBuildPhase section */
		0DFE6A112C4FAAF7005C8803 /* Sources */ = {
			isa = PBXSourcesBuildPhase;
			buildActionMask = 2147483647;
			files = (
				0DFE6A3E2C4FC6FC005C8803 /* LocationSearchView.swift in Sources */,
				0DFE6A342C4FB3D8005C8803 /* LocationManager.swift in Sources */,
				0DFE6A3A2C4FC46A005C8803 /* MapViewActionButton.swift in Sources */,
				0DFE6A192C4FAAF7005C8803 /* UberApp.swift in Sources */,
				0DFE6A322C4FAEA5005C8803 /* UberMapViewRepresentable.swift in Sources */,
				0DFE6A302C4FAE7B005C8803 /* HomeView.swift in Sources */,
				0DFE6A382C4FC1FD005C8803 /* LocationSearchActivationView.swift in Sources */,
				0DFE6A402C4FCE0E005C8803 /* LocationSearchResultCell.swift in Sources */,
			);
			runOnlyForDeploymentPostprocessing = 0;
		};
/* End PBXSourcesBuildPhase section */

/* Begin XCBuildConfiguration section */
		0DFE6A212C4FAAF9005C8803 /* Debug */ = {
			isa = XCBuildConfiguration;
			buildSettings = {
				ALWAYS_SEARCH_USER_PATHS = NO;
				ASSETCATALOG_COMPILER_GENERATE_SWIFT_ASSET_SYMBOL_EXTENSIONS = YES;
				CLANG_ANALYZER_NONNULL = YES;
				CLANG_ANALYZER_NUMBER_OBJECT_CONVERSION = YES_AGGRESSIVE;
				CLANG_CXX_LANGUAGE_STANDARD = "gnu++20";
				CLANG_ENABLE_MODULES = YES;
				CLANG_ENABLE_OBJC_ARC = YES;
				CLANG_ENABLE_OBJC_WEAK = YES;
				CLANG_WARN_BLOCK_CAPTURE_AUTORELEASING = YES;
				CLANG_WARN_BOOL_CONVERSION = YES;
				CLANG_WARN_COMMA = YES;
				CLANG_WARN_CONSTANT_CONVERSION = YES;
				CLANG_WARN_DEPRECATED_OBJC_IMPLEMENTATIONS = YES;
				CLANG_WARN_DIRECT_OBJC_ISA_USAGE = YES_ERROR;
				CLANG_WARN_DOCUMENTATION_COMMENTS = YES;
				CLANG_WARN_EMPTY_BODY = YES;
				CLANG_WARN_ENUM_CONVERSION = YES;
				CLANG_WARN_INFINITE_RECURSION = YES;
				CLANG_WARN_INT_CONVERSION = YES;
				CLANG_WARN_NON_LITERAL_NULL_CONVERSION = YES;
				CLANG_WARN_OBJC_IMPLICIT_RETAIN_SELF = YES;
				CLANG_WARN_OBJC_LITERAL_CONVERSION = YES;
				CLANG_WARN_OBJC_ROOT_CLASS = YES_ERROR;
				CLANG_WARN_QUOTED_INCLUDE_IN_FRAMEWORK_HEADER = YES;
				CLANG_WARN_RANGE_LOOP_ANALYSIS = YES;
				CLANG_WARN_STRICT_PROTOTYPES = YES;
				CLANG_WARN_SUSPICIOUS_MOVE = YES;
				CLANG_WARN_UNGUARDED_AVAILABILITY = YES_AGGRESSIVE;
				CLANG_WARN_UNREACHABLE_CODE = YES;
				CLANG_WARN__DUPLICATE_METHOD_MATCH = YES;
				COPY_PHASE_STRIP = NO;
				DEBUG_INFORMATION_FORMAT = dwarf;
				ENABLE_STRICT_OBJC_MSGSEND = YES;
				ENABLE_TESTABILITY = YES;
				ENABLE_USER_SCRIPT_SANDBOXING = YES;
				GCC_C_LANGUAGE_STANDARD = gnu17;
				GCC_DYNAMIC_NO_PIC = NO;
				GCC_NO_COMMON_BLOCKS = YES;
				GCC_OPTIMIZATION_LEVEL = 0;
				GCC_PREPROCESSOR_DEFINITIONS = (
					"DEBUG=1",
					"$(inherited)",
				);
				GCC_WARN_64_TO_32_BIT_CONVERSION = YES;
				GCC_WARN_ABOUT_RETURN_TYPE = YES_ERROR;
				GCC_WARN_UNDECLARED_SELECTOR = YES;
				GCC_WARN_UNINITIALIZED_AUTOS = YES_AGGRESSIVE;
				GCC_WARN_UNUSED_FUNCTION = YES;
				GCC_WARN_UNUSED_VARIABLE = YES;
				IPHONEOS_DEPLOYMENT_TARGET = 17.5;
				LOCALIZATION_PREFERS_STRING_CATALOGS = YES;
				MTL_ENABLE_DEBUG_INFO = INCLUDE_SOURCE;
				MTL_FAST_MATH = YES;
				ONLY_ACTIVE_ARCH = YES;
				SDKROOT = iphoneos;
				SWIFT_ACTIVE_COMPILATION_CONDITIONS = "DEBUG $(inherited)";
				SWIFT_OPTIMIZATION_LEVEL = "-Onone";
			};
			name = Debug;
		};
		0DFE6A222C4FAAF9005C8803 /* Release */ = {
			isa = XCBuildConfiguration;
			buildSettings = {
				ALWAYS_SEARCH_USER_PATHS = NO;
				ASSETCATALOG_COMPILER_GENERATE_SWIFT_ASSET_SYMBOL_EXTENSIONS = YES;
				CLANG_ANALYZER_NONNULL = YES;
				CLANG_ANALYZER_NUMBER_OBJECT_CONVERSION = YES_AGGRESSIVE;
				CLANG_CXX_LANGUAGE_STANDARD = "gnu++20";
				CLANG_ENABLE_MODULES = YES;
				CLANG_ENABLE_OBJC_ARC = YES;
				CLANG_ENABLE_OBJC_WEAK = YES;
				CLANG_WARN_BLOCK_CAPTURE_AUTORELEASING = YES;
				CLANG_WARN_BOOL_CONVERSION = YES;
				CLANG_WARN_COMMA = YES;
				CLANG_WARN_CONSTANT_CONVERSION = YES;
				CLANG_WARN_DEPRECATED_OBJC_IMPLEMENTATIONS = YES;
				CLANG_WARN_DIRECT_OBJC_ISA_USAGE = YES_ERROR;
				CLANG_WARN_DOCUMENTATION_COMMENTS = YES;
				CLANG_WARN_EMPTY_BODY = YES;
				CLANG_WARN_ENUM_CONVERSION = YES;
				CLANG_WARN_INFINITE_RECURSION = YES;
				CLANG_WARN_INT_CONVERSION = YES;
				CLANG_WARN_NON_LITERAL_NULL_CONVERSION = YES;
				CLANG_WARN_OBJC_IMPLICIT_RETAIN_SELF = YES;
				CLANG_WARN_OBJC_LITERAL_CONVERSION = YES;
				CLANG_WARN_OBJC_ROOT_CLASS = YES_ERROR;
				CLANG_WARN_QUOTED_INCLUDE_IN_FRAMEWORK_HEADER = YES;
				CLANG_WARN_RANGE_LOOP_ANALYSIS = YES;
				CLANG_WARN_STRICT_PROTOTYPES = YES;
				CLANG_WARN_SUSPICIOUS_MOVE = YES;
				CLANG_WARN_UNGUARDED_AVAILABILITY = YES_AGGRESSIVE;
				CLANG_WARN_UNREACHABLE_CODE = YES;
				CLANG_WARN__DUPLICATE_METHOD_MATCH = YES;
				COPY_PHASE_STRIP = NO;
				DEBUG_INFORMATION_FORMAT = "dwarf-with-dsym";
				ENABLE_NS_ASSERTIONS = NO;
				ENABLE_STRICT_OBJC_MSGSEND = YES;
				ENABLE_USER_SCRIPT_SANDBOXING = YES;
				GCC_C_LANGUAGE_STANDARD = gnu17;
				GCC_NO_COMMON_BLOCKS = YES;
				GCC_WARN_64_TO_32_BIT_CONVERSION = YES;
				GCC_WARN_ABOUT_RETURN_TYPE = YES_ERROR;
				GCC_WARN_UNDECLARED_SELECTOR = YES;
				GCC_WARN_UNINITIALIZED_AUTOS = YES_AGGRESSIVE;
				GCC_WARN_UNUSED_FUNCTION = YES;
				GCC_WARN_UNUSED_VARIABLE = YES;
				IPHONEOS_DEPLOYMENT_TARGET = 17.5;
				LOCALIZATION_PREFERS_STRING_CATALOGS = YES;
				MTL_ENABLE_DEBUG_INFO = NO;
				MTL_FAST_MATH = YES;
				SDKROOT = iphoneos;
				SWIFT_COMPILATION_MODE = wholemodule;
				VALIDATE_PRODUCT = YES;
			};
			name = Release;
		};
		0DFE6A242C4FAAF9005C8803 /* Debug */ = {
			isa = XCBuildConfiguration;
			buildSettings = {
				ASSETCATALOG_COMPILER_APPICON_NAME = AppIcon;
				ASSETCATALOG_COMPILER_GLOBAL_ACCENT_COLOR_NAME = AccentColor;
				CODE_SIGN_STYLE = Automatic;
				CURRENT_PROJECT_VERSION = 1;
				DEVELOPMENT_ASSET_PATHS = "\"Uber/Preview Content\"";
				DEVELOPMENT_TEAM = H6BTLMU86X;
				ENABLE_PREVIEWS = YES;
				GENERATE_INFOPLIST_FILE = YES;
				INFOPLIST_KEY_NSLocationWhenInUseUsageDescription = "Allow access to your location for finding drivers near to you.";
				INFOPLIST_KEY_UIApplicationSceneManifest_Generation = YES;
				INFOPLIST_KEY_UIApplicationSupportsIndirectInputEvents = YES;
				INFOPLIST_KEY_UILaunchScreen_Generation = YES;
				INFOPLIST_KEY_UISupportedInterfaceOrientations_iPad = "UIInterfaceOrientationPortrait UIInterfaceOrientationPortraitUpsideDown UIInterfaceOrientationLandscapeLeft UIInterfaceOrientationLandscapeRight";
				INFOPLIST_KEY_UISupportedInterfaceOrientations_iPhone = "UIInterfaceOrientationPortrait UIInterfaceOrientationLandscapeLeft UIInterfaceOrientationLandscapeRight";
				LD_RUNPATH_SEARCH_PATHS = (
					"$(inherited)",
					"@executable_path/Frameworks",
				);
				MARKETING_VERSION = 1.0;
				PRODUCT_BUNDLE_IDENTIFIER = "com.Uber-Clone";
				PRODUCT_NAME = "$(TARGET_NAME)";
				SWIFT_EMIT_LOC_STRINGS = YES;
				SWIFT_VERSION = 5.0;
				TARGETED_DEVICE_FAMILY = "1,2";
			};
			name = Debug;
		};
		0DFE6A252C4FAAF9005C8803 /* Release */ = {
			isa = XCBuildConfiguration;
			buildSettings = {
				ASSETCATALOG_COMPILER_APPICON_NAME = AppIcon;
				ASSETCATALOG_COMPILER_GLOBAL_ACCENT_COLOR_NAME = AccentColor;
				CODE_SIGN_STYLE = Automatic;
				CURRENT_PROJECT_VERSION = 1;
				DEVELOPMENT_ASSET_PATHS = "\"Uber/Preview Content\"";
				DEVELOPMENT_TEAM = H6BTLMU86X;
				ENABLE_PREVIEWS = YES;
				GENERATE_INFOPLIST_FILE = YES;
				INFOPLIST_KEY_NSLocationWhenInUseUsageDescription = "Allow access to your location for finding drivers near to you.";
				INFOPLIST_KEY_UIApplicationSceneManifest_Generation = YES;
				INFOPLIST_KEY_UIApplicationSupportsIndirectInputEvents = YES;
				INFOPLIST_KEY_UILaunchScreen_Generation = YES;
				INFOPLIST_KEY_UISupportedInterfaceOrientations_iPad = "UIInterfaceOrientationPortrait UIInterfaceOrientationPortraitUpsideDown UIInterfaceOrientationLandscapeLeft UIInterfaceOrientationLandscapeRight";
				INFOPLIST_KEY_UISupportedInterfaceOrientations_iPhone = "UIInterfaceOrientationPortrait UIInterfaceOrientationLandscapeLeft UIInterfaceOrientationLandscapeRight";
				LD_RUNPATH_SEARCH_PATHS = (
					"$(inherited)",
					"@executable_path/Frameworks",
				);
				MARKETING_VERSION = 1.0;
				PRODUCT_BUNDLE_IDENTIFIER = "com.Uber-Clone";
				PRODUCT_NAME = "$(TARGET_NAME)";
				SWIFT_EMIT_LOC_STRINGS = YES;
				SWIFT_VERSION = 5.0;
				TARGETED_DEVICE_FAMILY = "1,2";
			};
			name = Release;
		};
/* End XCBuildConfiguration section */

/* Begin XCConfigurationList section */
		0DFE6A102C4FAAF7005C8803 /* Build configuration list for PBXProject "Uber" */ = {
			isa = XCConfigurationList;
			buildConfigurations = (
				0DFE6A212C4FAAF9005C8803 /* Debug */,
				0DFE6A222C4FAAF9005C8803 /* Release */,
			);
			defaultConfigurationIsVisible = 0;
			defaultConfigurationName = Release;
		};
		0DFE6A232C4FAAF9005C8803 /* Build configuration list for PBXNativeTarget "Uber" */ = {
			isa = XCConfigurationList;
			buildConfigurations = (
				0DFE6A242C4FAAF9005C8803 /* Debug */,
				0DFE6A252C4FAAF9005C8803 /* Release */,
			);
			defaultConfigurationIsVisible = 0;
			defaultConfigurationName = Release;
		};
/* End XCConfigurationList section */
	};
	rootObject = 0DFE6A0D2C4FAAF7005C8803 /* Project object */;
}
